
Microsoft Visual Studio Solution File, Format Version 12.00
# Visual Studio Version 17
VisualStudioVersion = 17.3.32901.215
MinimumVisualStudioVersion = 10.0.40219.1
Project("{FAE04EC0-301F-11D3-BF4B-00C04F79EFBC}") = "ScoreCollector", "ScoreCollector\ScoreCollector.csproj", "{18BC0046-A5C9-4162-9D0F-269D569B5AEA}"
EndProject
Global
	GlobalSection(SolutionConfigurationPlatforms) = preSolution
		Debug|Any CPU = Debug|Any CPU
		Release|Any CPU = Release|Any CPU
	EndGlobalSection
	GlobalSection(ProjectConfigurationPlatforms) = postSolution
		{18BC0046-A5C9-4162-9D0F-269D569B5AEA}.Debug|Any CPU.ActiveCfg = Debug|Any CPU
		{18BC0046-A5C9-4162-9D0F-269D569B5AEA}.Debug|Any CPU.Build.0 = Debug|Any CPU
		{18BC0046-A5C9-4162-9D0F-269D569B5AEA}.Release|Any CPU.ActiveCfg = Release|Any CPU
		{18BC0046-A5C9-4162-9D0F-269D569B5AEA}.Release|Any CPU.Build.0 = Release|Any CPU
	EndGlobalSection
	GlobalSection(SolutionProperties) = preSolution
		HideSolutionNode = FALSE
	EndGlobalSection
	GlobalSection(ExtensibilityGlobals) = postSolution
		SolutionGuid = {63D6C368-0152-410E-AD99-AF297A55D6B5}
	EndGlobalSection
EndGlobal
