
Microsoft Visual Studio Solution File, Format Version 12.00
# Visual Studio Version 17
VisualStudioVersion = 17.3.32901.215
MinimumVisualStudioVersion = 10.0.40219.1
Project("{FAE04EC0-301F-11D3-BF4B-00C04F79EFBC}") = "Visualizer", "Visualizer\Visualizer.csproj", "{3103B8A0-7817-4B46-B898-38BE44006E3E}"
EndProject
Global
	GlobalSection(SolutionConfigurationPlatforms) = preSolution
		Debug|Any CPU = Debug|Any CPU
		Release|Any CPU = Release|Any CPU
	EndGlobalSection
	GlobalSection(ProjectConfigurationPlatforms) = postSolution
		{3103B8A0-7817-4B46-B898-38BE44006E3E}.Debug|Any CPU.ActiveCfg = Debug|Any CPU
		{3103B8A0-7817-4B46-B898-38BE44006E3E}.Debug|Any CPU.Build.0 = Debug|Any CPU
		{3103B8A0-7817-4B46-B898-38BE44006E3E}.Release|Any CPU.ActiveCfg = Release|Any CPU
		{3103B8A0-7817-4B46-B898-38BE44006E3E}.Release|Any CPU.Build.0 = Release|Any CPU
	EndGlobalSection
	GlobalSection(SolutionProperties) = preSolution
		HideSolutionNode = FALSE
	EndGlobalSection
	GlobalSection(ExtensibilityGlobals) = postSolution
		SolutionGuid = {53287597-A4F3-4941-8BC5-D89EAEC434AA}
	EndGlobalSection
EndGlobal
